
Microsoft Visual Studio Solution File, Format Version 12.00
# Visual Studio Version 17
VisualStudioVersion = 17.14.36414.22 d17.14
MinimumVisualStudioVersion = 10.0.40219.1
Project("{FAE04EC0-301F-11D3-BF4B-00C04F79EFBC}") = "Vault2Door", "Vault2Door\Vault2Door.csproj", "{1E98A5C7-33A3-4176-944B-B40F8DB96F97}"
EndProject
Global
	GlobalSection(SolutionConfigurationPlatforms) = preSolution
		Debug|Any CPU = Debug|Any CPU
		Release|Any CPU = Release|Any CPU
	EndGlobalSection
	GlobalSection(ProjectConfigurationPlatforms) = postSolution
		{1E98A5C7-33A3-4176-944B-B40F8DB96F97}.Debug|Any CPU.ActiveCfg = Debug|Any CPU
		{1E98A5C7-33A3-4176-944B-B40F8DB96F97}.Debug|Any CPU.Build.0 = Debug|Any CPU
		{1E98A5C7-33A3-4176-944B-B40F8DB96F97}.Release|Any CPU.ActiveCfg = Release|Any CPU
		{1E98A5C7-33A3-4176-944B-B40F8DB96F97}.Release|Any CPU.Build.0 = Release|Any CPU
	EndGlobalSection
	GlobalSection(SolutionProperties) = preSolution
		HideSolutionNode = FALSE
	EndGlobalSection
	GlobalSection(ExtensibilityGlobals) = postSolution
		SolutionGuid = {711AB584-DE33-45AE-BEE9-1BDE7AFFBFB1}
	EndGlobalSection
EndGlobal
